{
  "pins" : [
    {
      "identity" : "wwprint",
      "kind" : "remoteSourceControl",
      "location" : "https://github.com/William-Weng/WWPrint",
      "state" : {
        "revision" : "6b70fabaa1dbeac95b224384819e231a1220900a",
        "version" : "1.2.0"
      }
    },
    {
      "identity" : "wwpulselayer",
      "kind" : "remoteSourceControl",
      "location" : "https://github.com/William-Weng/WWPulseLayer",
      "state" : {
        "branch" : "main",
        "revision" : "4469f8b4669cb222b568ca110f6dcf5df221f44e"
      }
    }
  ],
  "version" : 2
}
